// !$*UTF8*$!
{
	archiveVersion = 1;
	classes = {
	};
	objectVersion = 56;
	objects = {

/* Begin PBXBuildFile section */
		48120E782C5D30FD0023B0D3 /* AppDelegate.swift in Sources */ = {isa = PBXBuildFile; fileRef = 48120E772C5D30FD0023B0D3 /* AppDelegate.swift */; };
		48120E7A2C5D30FD0023B0D3 /* SceneDelegate.swift in Sources */ = {isa = PBXBuildFile; fileRef = 48120E792C5D30FD0023B0D3 /* SceneDelegate.swift */; };
		48120E7C2C5D30FD0023B0D3 /* RegistrationViewController.swift in Sources */ = {isa = PBXBuildFile; fileRef = 48120E7B2C5D30FD0023B0D3 /* RegistrationViewController.swift */; };
		48120E812C5D30FE0023B0D3 /* Assets.xcassets in Resources */ = {isa = PBXBuildFile; fileRef = 48120E802C5D30FE0023B0D3 /* Assets.xcassets */; };
		48120E842C5D30FE0023B0D3 /* Base in Resources */ = {isa = PBXBuildFile; fileRef = 48120E832C5D30FE0023B0D3 /* Base */; };
		48120ECC2C5FCDCA0023B0D3 /* CustomTextField.swift in Sources */ = {isa = PBXBuildFile; fileRef = 48120ECB2C5FCDCA0023B0D3 /* CustomTextField.swift */; };
		48120ECE2C5FD0CD0023B0D3 /* CustomVStack.swift in Sources */ = {isa = PBXBuildFile; fileRef = 48120ECD2C5FD0CD0023B0D3 /* CustomVStack.swift */; };
		48120ED12C5FD1BA0023B0D3 /* UIStack+Ex.swift in Sources */ = {isa = PBXBuildFile; fileRef = 48120ED02C5FD1BA0023B0D3 /* UIStack+Ex.swift */; };
		48120ED32C5FD2200023B0D3 /* CustomLabel.swift in Sources */ = {isa = PBXBuildFile; fileRef = 48120ED22C5FD2200023B0D3 /* CustomLabel.swift */; };
		48120ED52C5FD31B0023B0D3 /* CustomButton.swift in Sources */ = {isa = PBXBuildFile; fileRef = 48120ED42C5FD31B0023B0D3 /* CustomButton.swift */; };
		48120ED72C5FD8620023B0D3 /* CustomTextView.swift in Sources */ = {isa = PBXBuildFile; fileRef = 48120ED62C5FD8620023B0D3 /* CustomTextView.swift */; };
		48120ED92C5FDCF20023B0D3 /* SignInViewController.swift in Sources */ = {isa = PBXBuildFile; fileRef = 48120ED82C5FDCF20023B0D3 /* SignInViewController.swift */; };
		48120EDB2C5FDDBE0023B0D3 /* NotificationName.swift in Sources */ = {isa = PBXBuildFile; fileRef = 48120EDA2C5FDDBE0023B0D3 /* NotificationName.swift */; };
/* End PBXBuildFile section */

/* Begin PBXFileReference section */
		48120E742C5D30FD0023B0D3 /* Notes.app */ = {isa = PBXFileReference; explicitFileType = wrapper.application; includeInIndex = 0; path = Notes.app; sourceTree = BUILT_PRODUCTS_DIR; };
		48120E772C5D30FD0023B0D3 /* AppDelegate.swift */ = {isa = PBXFileReference; lastKnownFileType = sourcecode.swift; path = AppDelegate.swift; sourceTree = "<group>"; };
		48120E792C5D30FD0023B0D3 /* SceneDelegate.swift */ = {isa = PBXFileReference; lastKnownFileType = sourcecode.swift; path = SceneDelegate.swift; sourceTree = "<group>"; };
		48120E7B2C5D30FD0023B0D3 /* RegistrationViewController.swift */ = {isa = PBXFileReference; lastKnownFileType = sourcecode.swift; path = RegistrationViewController.swift; sourceTree = "<group>"; };
		48120E802C5D30FE0023B0D3 /* Assets.xcassets */ = {isa = PBXFileReference; lastKnownFileType = folder.assetcatalog; path = Assets.xcassets; sourceTree = "<group>"; };
		48120E832C5D30FE0023B0D3 /* Base */ = {isa = PBXFileReference; lastKnownFileType = file.storyboard; name = Base; path = Base.lproj/LaunchScreen.storyboard; sourceTree = "<group>"; };
		48120E852C5D30FE0023B0D3 /* Info.plist */ = {isa = PBXFileReference; lastKnownFileType = text.plist.xml; path = Info.plist; sourceTree = "<group>"; };
		48120ECB2C5FCDCA0023B0D3 /* CustomTextField.swift */ = {isa = PBXFileReference; lastKnownFileType = sourcecode.swift; path = CustomTextField.swift; sourceTree = "<group>"; };
		48120ECD2C5FD0CD0023B0D3 /* CustomVStack.swift */ = {isa = PBXFileReference; lastKnownFileType = sourcecode.swift; path = CustomVStack.swift; sourceTree = "<group>"; };
		48120ED02C5FD1BA0023B0D3 /* UIStack+Ex.swift */ = {isa = PBXFileReference; lastKnownFileType = sourcecode.swift; path = "UIStack+Ex.swift"; sourceTree = "<group>"; };
		48120ED22C5FD2200023B0D3 /* CustomLabel.swift */ = {isa = PBXFileReference; lastKnownFileType = sourcecode.swift; path = CustomLabel.swift; sourceTree = "<group>"; };
		48120ED42C5FD31B0023B0D3 /* CustomButton.swift */ = {isa = PBXFileReference; lastKnownFileType = sourcecode.swift; path = CustomButton.swift; sourceTree = "<group>"; };
		48120ED62C5FD8620023B0D3 /* CustomTextView.swift */ = {isa = PBXFileReference; lastKnownFileType = sourcecode.swift; path = CustomTextView.swift; sourceTree = "<group>"; };
		48120ED82C5FDCF20023B0D3 /* SignInViewController.swift */ = {isa = PBXFileReference; lastKnownFileType = sourcecode.swift; path = SignInViewController.swift; sourceTree = "<group>"; };
		48120EDA2C5FDDBE0023B0D3 /* NotificationName.swift */ = {isa = PBXFileReference; lastKnownFileType = sourcecode.swift; path = NotificationName.swift; sourceTree = "<group>"; };
/* End PBXFileReference section */

/* Begin PBXFrameworksBuildPhase section */
		48120E712C5D30FD0023B0D3 /* Frameworks */ = {
			isa = PBXFrameworksBuildPhase;
			buildActionMask = 2147483647;
			files = (
			);
			runOnlyForDeploymentPostprocessing = 0;
		};
/* End PBXFrameworksBuildPhase section */

/* Begin PBXGroup section */
		48120E6B2C5D30FC0023B0D3 = {
			isa = PBXGroup;
			children = (
				48120E762C5D30FD0023B0D3 /* Notes */,
				48120E752C5D30FD0023B0D3 /* Products */,
			);
			sourceTree = "<group>";
		};
		48120E752C5D30FD0023B0D3 /* Products */ = {
			isa = PBXGroup;
			children = (
				48120E742C5D30FD0023B0D3 /* Notes.app */,
			);
			name = Products;
			sourceTree = "<group>";
		};
		48120E762C5D30FD0023B0D3 /* Notes */ = {
			isa = PBXGroup;
			children = (
				48120EBA2C5FA8630023B0D3 /* App */,
				48120EB92C5FA8550023B0D3 /* Registration */,
				48120EBB2C5FAB580023B0D3 /* SignIn */,
				48120EBC2C5FABAB0023B0D3 /* Profile */,
				48120ECA2C5FCDB40023B0D3 /* CustomUI */,
				48120ECF2C5FD1A80023B0D3 /* Extensions */,
				48120E802C5D30FE0023B0D3 /* Assets.xcassets */,
				48120E822C5D30FE0023B0D3 /* LaunchScreen.storyboard */,
				48120E852C5D30FE0023B0D3 /* Info.plist */,
			);
			path = Notes;
			sourceTree = "<group>";
		};
		48120EB92C5FA8550023B0D3 /* Registration */ = {
			isa = PBXGroup;
			children = (
				48120EC12C5FAC080023B0D3 /* Model */,
				48120EC22C5FAC080023B0D3 /* View */,
				48120EC32C5FAC080023B0D3 /* Presenter */,
			);
			path = Registration;
			sourceTree = "<group>";
		};
		48120EBA2C5FA8630023B0D3 /* App */ = {
			isa = PBXGroup;
			children = (
				48120E772C5D30FD0023B0D3 /* AppDelegate.swift */,
				48120E792C5D30FD0023B0D3 /* SceneDelegate.swift */,
			);
			path = App;
			sourceTree = "<group>";
		};
		48120EBB2C5FAB580023B0D3 /* SignIn */ = {
			isa = PBXGroup;
			children = (
				48120EBE2C5FABD30023B0D3 /* Model */,
				48120EBF2C5FABE50023B0D3 /* View */,
				48120EC02C5FABEC0023B0D3 /* Presenter */,
			);
			path = SignIn;
			sourceTree = "<group>";
		};
		48120EBC2C5FABAB0023B0D3 /* Profile */ = {
			isa = PBXGroup;
			children = (
				48120EC42C5FAC0B0023B0D3 /* Model */,
				48120EC52C5FAC0B0023B0D3 /* View */,
				48120EC62C5FAC0B0023B0D3 /* Presenter */,
				48120EBD2C5FABBE0023B0D3 /* AddNote */,
			);
			path = Profile;
			sourceTree = "<group>";
		};
		48120EBD2C5FABBE0023B0D3 /* AddNote */ = {
			isa = PBXGroup;
			children = (
				48120EC92C5FAC110023B0D3 /* Model */,
				48120EC82C5FAC110023B0D3 /* View */,
				48120EC72C5FAC110023B0D3 /* Presenter */,
			);
			path = AddNote;
			sourceTree = "<group>";
		};
		48120EBE2C5FABD30023B0D3 /* Model */ = {
			isa = PBXGroup;
			children = (
			);
			path = Model;
			sourceTree = "<group>";
		};
		48120EBF2C5FABE50023B0D3 /* View */ = {
			isa = PBXGroup;
			children = (
				48120ED82C5FDCF20023B0D3 /* SignInViewController.swift */,
			);
			path = View;
			sourceTree = "<group>";
		};
		48120EC02C5FABEC0023B0D3 /* Presenter */ = {
			isa = PBXGroup;
			children = (
			);
			path = Presenter;
			sourceTree = "<group>";
		};
		48120EC12C5FAC080023B0D3 /* Model */ = {
			isa = PBXGroup;
			children = (
			);
			path = Model;
			sourceTree = "<group>";
		};
		48120EC22C5FAC080023B0D3 /* View */ = {
			isa = PBXGroup;
			children = (
				48120E7B2C5D30FD0023B0D3 /* RegistrationViewController.swift */,
			);
			path = View;
			sourceTree = "<group>";
		};
		48120EC32C5FAC080023B0D3 /* Presenter */ = {
			isa = PBXGroup;
			children = (
			);
			path = Presenter;
			sourceTree = "<group>";
		};
		48120EC42C5FAC0B0023B0D3 /* Model */ = {
			isa = PBXGroup;
			children = (
			);
			path = Model;
			sourceTree = "<group>";
		};
		48120EC52C5FAC0B0023B0D3 /* View */ = {
			isa = PBXGroup;
			children = (
			);
			path = View;
			sourceTree = "<group>";
		};
		48120EC62C5FAC0B0023B0D3 /* Presenter */ = {
			isa = PBXGroup;
			children = (
			);
			path = Presenter;
			sourceTree = "<group>";
		};
		48120EC72C5FAC110023B0D3 /* Presenter */ = {
			isa = PBXGroup;
			children = (
			);
			path = Presenter;
			sourceTree = "<group>";
		};
		48120EC82C5FAC110023B0D3 /* View */ = {
			isa = PBXGroup;
			children = (
			);
			path = View;
			sourceTree = "<group>";
		};
		48120EC92C5FAC110023B0D3 /* Model */ = {
			isa = PBXGroup;
			children = (
			);
			path = Model;
			sourceTree = "<group>";
		};
		48120ECA2C5FCDB40023B0D3 /* CustomUI */ = {
			isa = PBXGroup;
			children = (
				48120ECB2C5FCDCA0023B0D3 /* CustomTextField.swift */,
				48120ECD2C5FD0CD0023B0D3 /* CustomVStack.swift */,
				48120ED22C5FD2200023B0D3 /* CustomLabel.swift */,
				48120ED42C5FD31B0023B0D3 /* CustomButton.swift */,
				48120ED62C5FD8620023B0D3 /* CustomTextView.swift */,
			);
			path = CustomUI;
			sourceTree = "<group>";
		};
		48120ECF2C5FD1A80023B0D3 /* Extensions */ = {
			isa = PBXGroup;
			children = (
				48120ED02C5FD1BA0023B0D3 /* UIStack+Ex.swift */,
				48120EDA2C5FDDBE0023B0D3 /* NotificationName.swift */,
			);
			path = Extensions;
			sourceTree = "<group>";
		};
/* End PBXGroup section */

/* Begin PBXNativeTarget section */
		48120E732C5D30FD0023B0D3 /* Notes */ = {
			isa = PBXNativeTarget;
			buildConfigurationList = 48120E882C5D30FE0023B0D3 /* Build configuration list for PBXNativeTarget "Notes" */;
			buildPhases = (
				48120E702C5D30FD0023B0D3 /* Sources */,
				48120E712C5D30FD0023B0D3 /* Frameworks */,
				48120E722C5D30FD0023B0D3 /* Resources */,
			);
			buildRules = (
			);
			dependencies = (
			);
			name = Notes;
			productName = Notes;
			productReference = 48120E742C5D30FD0023B0D3 /* Notes.app */;
			productType = "com.apple.product-type.application";
		};
/* End PBXNativeTarget section */

/* Begin PBXProject section */
		48120E6C2C5D30FC0023B0D3 /* Project object */ = {
			isa = PBXProject;
			attributes = {
				BuildIndependentTargetsInParallel = 1;
				LastSwiftUpdateCheck = 1530;
				LastUpgradeCheck = 1530;
				TargetAttributes = {
					48120E732C5D30FD0023B0D3 = {
						CreatedOnToolsVersion = 15.3;
					};
				};
			};
			buildConfigurationList = 48120E6F2C5D30FC0023B0D3 /* Build configuration list for PBXProject "Notes" */;
			compatibilityVersion = "Xcode 14.0";
			developmentRegion = en;
			hasScannedForEncodings = 0;
			knownRegions = (
				en,
				Base,
			);
			mainGroup = 48120E6B2C5D30FC0023B0D3;
			productRefGroup = 48120E752C5D30FD0023B0D3 /* Products */;
			projectDirPath = "";
			projectRoot = "";
			targets = (
				48120E732C5D30FD0023B0D3 /* Notes */,
			);
		};
/* End PBXProject section */

/* Begin PBXResourcesBuildPhase section */
		48120E722C5D30FD0023B0D3 /* Resources */ = {
			isa = PBXResourcesBuildPhase;
			buildActionMask = 2147483647;
			files = (
				48120E812C5D30FE0023B0D3 /* Assets.xcassets in Resources */,
				48120E842C5D30FE0023B0D3 /* Base in Resources */,
			);
			runOnlyForDeploymentPostprocessing = 0;
		};
/* End PBXResourcesBuildPhase section */

/* Begin PBXSourcesBuildPhase section */
		48120E702C5D30FD0023B0D3 /* Sources */ = {
			isa = PBXSourcesBuildPhase;
			buildActionMask = 2147483647;
			files = (
				48120ECC2C5FCDCA0023B0D3 /* CustomTextField.swift in Sources */,
				48120EDB2C5FDDBE0023B0D3 /* NotificationName.swift in Sources */,
				48120E7C2C5D30FD0023B0D3 /* RegistrationViewController.swift in Sources */,
				48120ED72C5FD8620023B0D3 /* CustomTextView.swift in Sources */,
				48120E782C5D30FD0023B0D3 /* AppDelegate.swift in Sources */,
				48120ED32C5FD2200023B0D3 /* CustomLabel.swift in Sources */,
				48120ED52C5FD31B0023B0D3 /* CustomButton.swift in Sources */,
				48120ED12C5FD1BA0023B0D3 /* UIStack+Ex.swift in Sources */,
				48120E7A2C5D30FD0023B0D3 /* SceneDelegate.swift in Sources */,
				48120ED92C5FDCF20023B0D3 /* SignInViewController.swift in Sources */,
				48120ECE2C5FD0CD0023B0D3 /* CustomVStack.swift in Sources */,
			);
			runOnlyForDeploymentPostprocessing = 0;
		};
/* End PBXSourcesBuildPhase section */

/* Begin PBXVariantGroup section */
		48120E822C5D30FE0023B0D3 /* LaunchScreen.storyboard */ = {
			isa = PBXVariantGroup;
			children = (
				48120E832C5D30FE0023B0D3 /* Base */,
			);
			name = LaunchScreen.storyboard;
			sourceTree = "<group>";
		};
/* End PBXVariantGroup section */

/* Begin XCBuildConfiguration section */
		48120E862C5D30FE0023B0D3 /* Debug */ = {
			isa = XCBuildConfiguration;
			buildSettings = {
				ALWAYS_SEARCH_USER_PATHS = NO;
				ASSETCATALOG_COMPILER_GENERATE_SWIFT_ASSET_SYMBOL_EXTENSIONS = YES;
				CLANG_ANALYZER_NONNULL = YES;
				CLANG_ANALYZER_NUMBER_OBJECT_CONVERSION = YES_AGGRESSIVE;
				CLANG_CXX_LANGUAGE_STANDARD = "gnu++20";
				CLANG_ENABLE_MODULES = YES;
				CLANG_ENABLE_OBJC_ARC = YES;
				CLANG_ENABLE_OBJC_WEAK = YES;
				CLANG_WARN_BLOCK_CAPTURE_AUTORELEASING = YES;
				CLANG_WARN_BOOL_CONVERSION = YES;
				CLANG_WARN_COMMA = YES;
				CLANG_WARN_CONSTANT_CONVERSION = YES;
				CLANG_WARN_DEPRECATED_OBJC_IMPLEMENTATIONS = YES;
				CLANG_WARN_DIRECT_OBJC_ISA_USAGE = YES_ERROR;
				CLANG_WARN_DOCUMENTATION_COMMENTS = YES;
				CLANG_WARN_EMPTY_BODY = YES;
				CLANG_WARN_ENUM_CONVERSION = YES;
				CLANG_WARN_INFINITE_RECURSION = YES;
				CLANG_WARN_INT_CONVERSION = YES;
				CLANG_WARN_NON_LITERAL_NULL_CONVERSION = YES;
				CLANG_WARN_OBJC_IMPLICIT_RETAIN_SELF = YES;
				CLANG_WARN_OBJC_LITERAL_CONVERSION = YES;
				CLANG_WARN_OBJC_ROOT_CLASS = YES_ERROR;
				CLANG_WARN_QUOTED_INCLUDE_IN_FRAMEWORK_HEADER = YES;
				CLANG_WARN_RANGE_LOOP_ANALYSIS = YES;
				CLANG_WARN_STRICT_PROTOTYPES = YES;
				CLANG_WARN_SUSPICIOUS_MOVE = YES;
				CLANG_WARN_UNGUARDED_AVAILABILITY = YES_AGGRESSIVE;
				CLANG_WARN_UNREACHABLE_CODE = YES;
				CLANG_WARN__DUPLICATE_METHOD_MATCH = YES;
				COPY_PHASE_STRIP = NO;
				DEBUG_INFORMATION_FORMAT = dwarf;
				ENABLE_STRICT_OBJC_MSGSEND = YES;
				ENABLE_TESTABILITY = YES;
				ENABLE_USER_SCRIPT_SANDBOXING = YES;
				GCC_C_LANGUAGE_STANDARD = gnu17;
				GCC_DYNAMIC_NO_PIC = NO;
				GCC_NO_COMMON_BLOCKS = YES;
				GCC_OPTIMIZATION_LEVEL = 0;
				GCC_PREPROCESSOR_DEFINITIONS = (
					"DEBUG=1",
					"$(inherited)",
				);
				GCC_WARN_64_TO_32_BIT_CONVERSION = YES;
				GCC_WARN_ABOUT_RETURN_TYPE = YES_ERROR;
				GCC_WARN_UNDECLARED_SELECTOR = YES;
				GCC_WARN_UNINITIALIZED_AUTOS = YES_AGGRESSIVE;
				GCC_WARN_UNUSED_FUNCTION = YES;
				GCC_WARN_UNUSED_VARIABLE = YES;
				IPHONEOS_DEPLOYMENT_TARGET = 17.4;
				LOCALIZATION_PREFERS_STRING_CATALOGS = YES;
				MTL_ENABLE_DEBUG_INFO = INCLUDE_SOURCE;
				MTL_FAST_MATH = YES;
				ONLY_ACTIVE_ARCH = YES;
				SDKROOT = iphoneos;
				SWIFT_ACTIVE_COMPILATION_CONDITIONS = "DEBUG $(inherited)";
				SWIFT_OPTIMIZATION_LEVEL = "-Onone";
			};
			name = Debug;
		};
		48120E872C5D30FE0023B0D3 /* Release */ = {
			isa = XCBuildConfiguration;
			buildSettings = {
				ALWAYS_SEARCH_USER_PATHS = NO;
				ASSETCATALOG_COMPILER_GENERATE_SWIFT_ASSET_SYMBOL_EXTENSIONS = YES;
				CLANG_ANALYZER_NONNULL = YES;
				CLANG_ANALYZER_NUMBER_OBJECT_CONVERSION = YES_AGGRESSIVE;
				CLANG_CXX_LANGUAGE_STANDARD = "gnu++20";
				CLANG_ENABLE_MODULES = YES;
				CLANG_ENABLE_OBJC_ARC = YES;
				CLANG_ENABLE_OBJC_WEAK = YES;
				CLANG_WARN_BLOCK_CAPTURE_AUTORELEASING = YES;
				CLANG_WARN_BOOL_CONVERSION = YES;
				CLANG_WARN_COMMA = YES;
				CLANG_WARN_CONSTANT_CONVERSION = YES;
				CLANG_WARN_DEPRECATED_OBJC_IMPLEMENTATIONS = YES;
				CLANG_WARN_DIRECT_OBJC_ISA_USAGE = YES_ERROR;
				CLANG_WARN_DOCUMENTATION_COMMENTS = YES;
				CLANG_WARN_EMPTY_BODY = YES;
				CLANG_WARN_ENUM_CONVERSION = YES;
				CLANG_WARN_INFINITE_RECURSION = YES;
				CLANG_WARN_INT_CONVERSION = YES;
				CLANG_WARN_NON_LITERAL_NULL_CONVERSION = YES;
				CLANG_WARN_OBJC_IMPLICIT_RETAIN_SELF = YES;
				CLANG_WARN_OBJC_LITERAL_CONVERSION = YES;
				CLANG_WARN_OBJC_ROOT_CLASS = YES_ERROR;
				CLANG_WARN_QUOTED_INCLUDE_IN_FRAMEWORK_HEADER = YES;
				CLANG_WARN_RANGE_LOOP_ANALYSIS = YES;
				CLANG_WARN_STRICT_PROTOTYPES = YES;
				CLANG_WARN_SUSPICIOUS_MOVE = YES;
				CLANG_WARN_UNGUARDED_AVAILABILITY = YES_AGGRESSIVE;
				CLANG_WARN_UNREACHABLE_CODE = YES;
				CLANG_WARN__DUPLICATE_METHOD_MATCH = YES;
				COPY_PHASE_STRIP = NO;
				DEBUG_INFORMATION_FORMAT = "dwarf-with-dsym";
				ENABLE_NS_ASSERTIONS = NO;
				ENABLE_STRICT_OBJC_MSGSEND = YES;
				ENABLE_USER_SCRIPT_SANDBOXING = YES;
				GCC_C_LANGUAGE_STANDARD = gnu17;
				GCC_NO_COMMON_BLOCKS = YES;
				GCC_WARN_64_TO_32_BIT_CONVERSION = YES;
				GCC_WARN_ABOUT_RETURN_TYPE = YES_ERROR;
				GCC_WARN_UNDECLARED_SELECTOR = YES;
				GCC_WARN_UNINITIALIZED_AUTOS = YES_AGGRESSIVE;
				GCC_WARN_UNUSED_FUNCTION = YES;
				GCC_WARN_UNUSED_VARIABLE = YES;
				IPHONEOS_DEPLOYMENT_TARGET = 17.4;
				LOCALIZATION_PREFERS_STRING_CATALOGS = YES;
				MTL_ENABLE_DEBUG_INFO = NO;
				MTL_FAST_MATH = YES;
				SDKROOT = iphoneos;
				SWIFT_COMPILATION_MODE = wholemodule;
				VALIDATE_PRODUCT = YES;
			};
			name = Release;
		};
		48120E892C5D30FE0023B0D3 /* Debug */ = {
			isa = XCBuildConfiguration;
			buildSettings = {
				ASSETCATALOG_COMPILER_APPICON_NAME = AppIcon;
				ASSETCATALOG_COMPILER_GLOBAL_ACCENT_COLOR_NAME = AccentColor;
				CODE_SIGN_STYLE = Automatic;
				CURRENT_PROJECT_VERSION = 1;
				DEVELOPMENT_TEAM = TUPKULQZ9B;
				GENERATE_INFOPLIST_FILE = YES;
				INFOPLIST_FILE = Notes/Info.plist;
				INFOPLIST_KEY_UIApplicationSupportsIndirectInputEvents = YES;
				INFOPLIST_KEY_UILaunchStoryboardName = LaunchScreen;
				INFOPLIST_KEY_UISupportedInterfaceOrientations_iPad = "UIInterfaceOrientationPortrait UIInterfaceOrientationPortraitUpsideDown UIInterfaceOrientationLandscapeLeft UIInterfaceOrientationLandscapeRight";
				INFOPLIST_KEY_UISupportedInterfaceOrientations_iPhone = "UIInterfaceOrientationPortrait UIInterfaceOrientationLandscapeLeft UIInterfaceOrientationLandscapeRight";
				IPHONEOS_DEPLOYMENT_TARGET = 16.0;
				LD_RUNPATH_SEARCH_PATHS = (
					"$(inherited)",
					"@executable_path/Frameworks",
				);
				MARKETING_VERSION = 1.0;
				PRODUCT_BUNDLE_IDENTIFIER = com.sivozelezov.Notes;
				PRODUCT_NAME = "$(TARGET_NAME)";
				SUPPORTED_PLATFORMS = "iphoneos iphonesimulator";
				SUPPORTS_MACCATALYST = NO;
				SUPPORTS_MAC_DESIGNED_FOR_IPHONE_IPAD = NO;
				SUPPORTS_XR_DESIGNED_FOR_IPHONE_IPAD = NO;
				SWIFT_EMIT_LOC_STRINGS = YES;
				SWIFT_VERSION = 5.0;
				TARGETED_DEVICE_FAMILY = 1;
			};
			name = Debug;
		};
		48120E8A2C5D30FE0023B0D3 /* Release */ = {
			isa = XCBuildConfiguration;
			buildSettings = {
				ASSETCATALOG_COMPILER_APPICON_NAME = AppIcon;
				ASSETCATALOG_COMPILER_GLOBAL_ACCENT_COLOR_NAME = AccentColor;
				CODE_SIGN_STYLE = Automatic;
				CURRENT_PROJECT_VERSION = 1;
				DEVELOPMENT_TEAM = TUPKULQZ9B;
				GENERATE_INFOPLIST_FILE = YES;
				INFOPLIST_FILE = Notes/Info.plist;
				INFOPLIST_KEY_UIApplicationSupportsIndirectInputEvents = YES;
				INFOPLIST_KEY_UILaunchStoryboardName = LaunchScreen;
				INFOPLIST_KEY_UISupportedInterfaceOrientations_iPad = "UIInterfaceOrientationPortrait UIInterfaceOrientationPortraitUpsideDown UIInterfaceOrientationLandscapeLeft UIInterfaceOrientationLandscapeRight";
				INFOPLIST_KEY_UISupportedInterfaceOrientations_iPhone = "UIInterfaceOrientationPortrait UIInterfaceOrientationLandscapeLeft UIInterfaceOrientationLandscapeRight";
				IPHONEOS_DEPLOYMENT_TARGET = 16.0;
				LD_RUNPATH_SEARCH_PATHS = (
					"$(inherited)",
					"@executable_path/Frameworks",
				);
				MARKETING_VERSION = 1.0;
				PRODUCT_BUNDLE_IDENTIFIER = com.sivozelezov.Notes;
				PRODUCT_NAME = "$(TARGET_NAME)";
				SUPPORTED_PLATFORMS = "iphoneos iphonesimulator";
				SUPPORTS_MACCATALYST = NO;
				SUPPORTS_MAC_DESIGNED_FOR_IPHONE_IPAD = NO;
				SUPPORTS_XR_DESIGNED_FOR_IPHONE_IPAD = NO;
				SWIFT_EMIT_LOC_STRINGS = YES;
				SWIFT_VERSION = 5.0;
				TARGETED_DEVICE_FAMILY = 1;
			};
			name = Release;
		};
/* End XCBuildConfiguration section */

/* Begin XCConfigurationList section */
		48120E6F2C5D30FC0023B0D3 /* Build configuration list for PBXProject "Notes" */ = {
			isa = XCConfigurationList;
			buildConfigurations = (
				48120E862C5D30FE0023B0D3 /* Debug */,
				48120E872C5D30FE0023B0D3 /* Release */,
			);
			defaultConfigurationIsVisible = 0;
			defaultConfigurationName = Release;
		};
		48120E882C5D30FE0023B0D3 /* Build configuration list for PBXNativeTarget "Notes" */ = {
			isa = XCConfigurationList;
			buildConfigurations = (
				48120E892C5D30FE0023B0D3 /* Debug */,
				48120E8A2C5D30FE0023B0D3 /* Release */,
			);
			defaultConfigurationIsVisible = 0;
			defaultConfigurationName = Release;
		};
/* End XCConfigurationList section */
	};
	rootObject = 48120E6C2C5D30FC0023B0D3 /* Project object */;
}
